
Microsoft Visual Studio Solution File, Format Version 12.00
# Visual Studio Version 17
VisualStudioVersion = 17.0.31903.59
MinimumVisualStudioVersion = 10.0.40219.1
Project("{9A19103F-16F7-4668-BE54-9A1E7A4F7556}") = "RPOrganizer", "RPOrganizer.csproj", "{1D273CAB-91C4-45AA-AF70-058B87DC1C17}"
EndProject
Project("{2150E333-8FDC-42A3-9474-1A3956D46DE8}") = "Solution Items", "Solution Items", "{665482A1-2EFF-4A8A-87E1-5B0094418A52}"
	ProjectSection(SolutionItems) = preProject
		.gitignore = .gitignore
	EndProjectSection
EndProject
Global
	GlobalSection(SolutionConfigurationPlatforms) = preSolution
		Debug|Any CPU = Debug|Any CPU
		Release|Any CPU = Release|Any CPU
	EndGlobalSection
	GlobalSection(ProjectConfigurationPlatforms) = postSolution
		{1D273CAB-91C4-45AA-AF70-058B87DC1C17}.Debug|Any CPU.ActiveCfg = Debug|Any CPU
		{1D273CAB-91C4-45AA-AF70-058B87DC1C17}.Debug|Any CPU.Build.0 = Debug|Any CPU
		{1D273CAB-91C4-45AA-AF70-058B87DC1C17}.Release|Any CPU.ActiveCfg = Release|Any CPU
		{1D273CAB-91C4-45AA-AF70-058B87DC1C17}.Release|Any CPU.Build.0 = Release|Any CPU
	EndGlobalSection
	GlobalSection(SolutionProperties) = preSolution
		HideSolutionNode = FALSE
	EndGlobalSection
	GlobalSection(ExtensibilityGlobals) = postSolution
		SolutionGuid = {9E06070C-1BF8-40C2-B664-5B6A65BFEE07}
	EndGlobalSection
EndGlobal
